
Microsoft Visual Studio Solution File, Format Version 12.00
# Visual Studio 2012
Project("{FAE04EC0-301F-11D3-BF4B-00C04F79EFBC}") = "Singleton", "Design_Pattern\Singleton.csproj", "{B3641226-B420-466A-8F32-43EF36F96C80}"
EndProject
Project("{FAE04EC0-301F-11D3-BF4B-00C04F79EFBC}") = "Adapter", "Adapter\Adapter.csproj", "{BC10AE7C-FAAE-4C83-A4C1-7CFADFBEBCA9}"
EndProject
Global
	GlobalSection(SolutionConfigurationPlatforms) = preSolution
		Debug|Any CPU = Debug|Any CPU
		Release|Any CPU = Release|Any CPU
	EndGlobalSection
	GlobalSection(ProjectConfigurationPlatforms) = postSolution
		{B3641226-B420-466A-8F32-43EF36F96C80}.Debug|Any CPU.ActiveCfg = Debug|Any CPU
		{B3641226-B420-466A-8F32-43EF36F96C80}.Debug|Any CPU.Build.0 = Debug|Any CPU
		{B3641226-B420-466A-8F32-43EF36F96C80}.Release|Any CPU.ActiveCfg = Release|Any CPU
		{B3641226-B420-466A-8F32-43EF36F96C80}.Release|Any CPU.Build.0 = Release|Any CPU
		{BC10AE7C-FAAE-4C83-A4C1-7CFADFBEBCA9}.Debug|Any CPU.ActiveCfg = Debug|Any CPU
		{BC10AE7C-FAAE-4C83-A4C1-7CFADFBEBCA9}.Debug|Any CPU.Build.0 = Debug|Any CPU
		{BC10AE7C-FAAE-4C83-A4C1-7CFADFBEBCA9}.Release|Any CPU.ActiveCfg = Release|Any CPU
		{BC10AE7C-FAAE-4C83-A4C1-7CFADFBEBCA9}.Release|Any CPU.Build.0 = Release|Any CPU
	EndGlobalSection
	GlobalSection(SolutionProperties) = preSolution
		HideSolutionNode = FALSE
	EndGlobalSection
EndGlobal
